
Microsoft Visual Studio Solution File, Format Version 12.00
Project("{FAE04EC0-301F-11D3-BF4B-00C04F79EFBC}") = "Biblioteca.Api", "Biblioteca.Api\Biblioteca.Api.csproj", "{DAEA7917-8507-4C57-954D-632188A9F19B}"
EndProject
Project("{FAE04EC0-301F-11D3-BF4B-00C04F79EFBC}") = "Biblioteca.Domain", "Biblioteca.Domain\Biblioteca.Domain.csproj", "{745BFFD3-007C-4156-BD1A-DD96D9E16311}"
EndProject
Project("{FAE04EC0-301F-11D3-BF4B-00C04F79EFBC}") = "Biblioteca.Application", "Biblioteca.Application\Biblioteca.Application.csproj", "{3C3D4125-CB4B-44CB-97C3-CAF1FC18FAE4}"
EndProject
Project("{FAE04EC0-301F-11D3-BF4B-00C04F79EFBC}") = "Biblioteca.Infrastructure", "Biblioteca.Infrastructure\Biblioteca.Infrastructure.csproj", "{AE2E1F95-25CE-4515-A39B-283E5C261678}"
EndProject
Global
	GlobalSection(SolutionConfigurationPlatforms) = preSolution
		Debug|Any CPU = Debug|Any CPU
		Release|Any CPU = Release|Any CPU
	EndGlobalSection
	GlobalSection(ProjectConfigurationPlatforms) = postSolution
		{DAEA7917-8507-4C57-954D-632188A9F19B}.Debug|Any CPU.ActiveCfg = Debug|Any CPU
		{DAEA7917-8507-4C57-954D-632188A9F19B}.Debug|Any CPU.Build.0 = Debug|Any CPU
		{DAEA7917-8507-4C57-954D-632188A9F19B}.Release|Any CPU.ActiveCfg = Release|Any CPU
		{DAEA7917-8507-4C57-954D-632188A9F19B}.Release|Any CPU.Build.0 = Release|Any CPU
		{745BFFD3-007C-4156-BD1A-DD96D9E16311}.Debug|Any CPU.ActiveCfg = Debug|Any CPU
		{745BFFD3-007C-4156-BD1A-DD96D9E16311}.Debug|Any CPU.Build.0 = Debug|Any CPU
		{745BFFD3-007C-4156-BD1A-DD96D9E16311}.Release|Any CPU.ActiveCfg = Release|Any CPU
		{745BFFD3-007C-4156-BD1A-DD96D9E16311}.Release|Any CPU.Build.0 = Release|Any CPU
		{3C3D4125-CB4B-44CB-97C3-CAF1FC18FAE4}.Debug|Any CPU.ActiveCfg = Debug|Any CPU
		{3C3D4125-CB4B-44CB-97C3-CAF1FC18FAE4}.Debug|Any CPU.Build.0 = Debug|Any CPU
		{3C3D4125-CB4B-44CB-97C3-CAF1FC18FAE4}.Release|Any CPU.ActiveCfg = Release|Any CPU
		{3C3D4125-CB4B-44CB-97C3-CAF1FC18FAE4}.Release|Any CPU.Build.0 = Release|Any CPU
		{AE2E1F95-25CE-4515-A39B-283E5C261678}.Debug|Any CPU.ActiveCfg = Debug|Any CPU
		{AE2E1F95-25CE-4515-A39B-283E5C261678}.Debug|Any CPU.Build.0 = Debug|Any CPU
		{AE2E1F95-25CE-4515-A39B-283E5C261678}.Release|Any CPU.ActiveCfg = Release|Any CPU
		{AE2E1F95-25CE-4515-A39B-283E5C261678}.Release|Any CPU.Build.0 = Release|Any CPU
	EndGlobalSection
EndGlobal
